
Microsoft Visual Studio Solution File, Format Version 12.00
# Visual Studio Version 17
VisualStudioVersion = 17.0.31903.59
MinimumVisualStudioVersion = 10.0.40219.1
Project("{FAE04EC0-301F-11D3-BF4B-00C04F79EFBC}") = "TheDarkSeries", "TheDarkSeries\TheDarkSeries.csproj", "{9411262A-983C-4409-B7A1-A09815B7F18B}"
EndProject
Global
	GlobalSection(SolutionConfigurationPlatforms) = preSolution
		Debug|Any CPU = Debug|Any CPU
		Release|Any CPU = Release|Any CPU
	EndGlobalSection
	GlobalSection(SolutionProperties) = preSolution
		HideSolutionNode = FALSE
	EndGlobalSection
	GlobalSection(ProjectConfigurationPlatforms) = postSolution
		{9411262A-983C-4409-B7A1-A09815B7F18B}.Debug|Any CPU.ActiveCfg = Debug|Any CPU
		{9411262A-983C-4409-B7A1-A09815B7F18B}.Debug|Any CPU.Build.0 = Debug|Any CPU
		{9411262A-983C-4409-B7A1-A09815B7F18B}.Release|Any CPU.ActiveCfg = Release|Any CPU
		{9411262A-983C-4409-B7A1-A09815B7F18B}.Release|Any CPU.Build.0 = Release|Any CPU
	EndGlobalSection
EndGlobal
